
Microsoft Visual Studio Solution File, Format Version 12.00
# Visual Studio Version 16
VisualStudioVersion = 16.0.29905.134
MinimumVisualStudioVersion = 10.0.40219.1
Project("{FAE04EC0-301F-11D3-BF4B-00C04F79EFBC}") = "MyPhoneNoteBook2", "MyPhoneNoteBook2\MyPhoneNoteBook2.csproj", "{8A53FE8E-419C-47F1-9B69-D56884E7458D}"
EndProject
Project("{FAE04EC0-301F-11D3-BF4B-00C04F79EFBC}") = "DataLayer", "DataLayer\DataLayer.csproj", "{6E8C8A5D-CF23-48F6-998F-311FD72B702A}"
EndProject
Global
	GlobalSection(SolutionConfigurationPlatforms) = preSolution
		Debug|Any CPU = Debug|Any CPU
		Release|Any CPU = Release|Any CPU
	EndGlobalSection
	GlobalSection(ProjectConfigurationPlatforms) = postSolution
		{8A53FE8E-419C-47F1-9B69-D56884E7458D}.Debug|Any CPU.ActiveCfg = Debug|Any CPU
		{8A53FE8E-419C-47F1-9B69-D56884E7458D}.Debug|Any CPU.Build.0 = Debug|Any CPU
		{8A53FE8E-419C-47F1-9B69-D56884E7458D}.Release|Any CPU.ActiveCfg = Release|Any CPU
		{8A53FE8E-419C-47F1-9B69-D56884E7458D}.Release|Any CPU.Build.0 = Release|Any CPU
		{6E8C8A5D-CF23-48F6-998F-311FD72B702A}.Debug|Any CPU.ActiveCfg = Debug|Any CPU
		{6E8C8A5D-CF23-48F6-998F-311FD72B702A}.Debug|Any CPU.Build.0 = Debug|Any CPU
		{6E8C8A5D-CF23-48F6-998F-311FD72B702A}.Release|Any CPU.ActiveCfg = Release|Any CPU
		{6E8C8A5D-CF23-48F6-998F-311FD72B702A}.Release|Any CPU.Build.0 = Release|Any CPU
	EndGlobalSection
	GlobalSection(SolutionProperties) = preSolution
		HideSolutionNode = FALSE
	EndGlobalSection
	GlobalSection(ExtensibilityGlobals) = postSolution
		SolutionGuid = {95D30960-A9C7-423A-AED8-B422B6ADB3F5}
	EndGlobalSection
EndGlobal
